
Microsoft Visual Studio Solution File, Format Version 12.00
# Visual Studio Version 17
VisualStudioVersion = 17.9.34728.123
MinimumVisualStudioVersion = 10.0.40219.1
Project("{9A19103F-16F7-4668-BE54-9A1E7A4F7556}") = "Catalog.API", "Services\Catalog\Catalog.API\Catalog.API.csproj", "{6FD76C53-8E39-4583-8B7E-07465EB4A721}"
EndProject
Project("{2150E333-8FDC-42A3-9474-1A3956D46DE8}") = "BuildingBlocks", "BuildingBlocks", "{5BAE7EDE-9D95-4FE5-AAC8-02755430E7DC}"
EndProject
Project("{2150E333-8FDC-42A3-9474-1A3956D46DE8}") = "Services", "Services", "{7F875270-4505-4ABD-8A83-F1C549165FAC}"
EndProject
Project("{2150E333-8FDC-42A3-9474-1A3956D46DE8}") = "Catalog", "Catalog", "{BD104B00-6323-4BEE-B04C-A7DA5799A741}"
EndProject
Project("{9A19103F-16F7-4668-BE54-9A1E7A4F7556}") = "BuildingBlocks", "BuildingBlocks\BuildingBlocks\BuildingBlocks.csproj", "{829E4B87-B277-4285-BCC8-3CC8CC219B1B}"
EndProject
Project("{2150E333-8FDC-42A3-9474-1A3956D46DE8}") = "Basket", "Basket", "{A803E943-2AF2-419C-A677-CD846FF104B3}"
EndProject
Project("{9A19103F-16F7-4668-BE54-9A1E7A4F7556}") = "Basket.API", "Services\Basket\Basket.API\Basket.API.csproj", "{C0CA573F-022E-436F-8C62-BF6CD067E0CF}"
EndProject
Project("{E53339B2-1760-4266-BCC7-CA923CBCF16C}") = "docker-compose", "docker-compose.dcproj", "{4A6608B7-C52E-4E3A-859C-C76CB19DC377}"
EndProject
Project("{2150E333-8FDC-42A3-9474-1A3956D46DE8}") = "Discount", "Discount", "{0FC17DB7-F1A2-4794-A702-69701BB12AE3}"
EndProject
Project("{FAE04EC0-301F-11D3-BF4B-00C04F79EFBC}") = "Discount.Grpc", "Services\Discount\Discount.Grpc\Discount.Grpc.csproj", "{C5E27023-CC09-496A-A5E6-56CCDAA39EF0}"
EndProject
Project("{2150E333-8FDC-42A3-9474-1A3956D46DE8}") = "Ordering", "Ordering", "{51B846D9-B5AA-481A-B3A9-11DE477F68C1}"
EndProject
Project("{FAE04EC0-301F-11D3-BF4B-00C04F79EFBC}") = "Ordering.API", "Services\Ordering\Ordering.API\Ordering.API.csproj", "{1EDF7DB5-60CD-4597-B34E-7600D8A537AD}"
EndProject
Project("{FAE04EC0-301F-11D3-BF4B-00C04F79EFBC}") = "Ordering.Domain", "Services\Ordering\Ordering.Domain\Ordering.Domain.csproj", "{69F55789-313F-4376-8BE1-14755E8F8A20}"
EndProject
Project("{FAE04EC0-301F-11D3-BF4B-00C04F79EFBC}") = "Ordering.Application", "Services\Ordering\Ordering.Application\Ordering.Application.csproj", "{AB739587-D11A-41A6-ACAF-2D7B3F94F2F1}"
EndProject
Project("{FAE04EC0-301F-11D3-BF4B-00C04F79EFBC}") = "Ordering.Infrastructure", "Services\Ordering\Ordering.Infrastructure\Ordering.Infrastructure.csproj", "{56A9E7B9-6781-48BF-81D9-B889FF02B331}"
EndProject
Project("{FAE04EC0-301F-11D3-BF4B-00C04F79EFBC}") = "BuildingBlocks.Messaging", "BuildingBlocks\BuildingBlocks.Messaging\BuildingBlocks.Messaging.csproj", "{F8F05882-A5B4-42D2-BE32-65EC680C207D}"
EndProject
Global
	GlobalSection(SolutionConfigurationPlatforms) = preSolution
		Debug|Any CPU = Debug|Any CPU
		Release|Any CPU = Release|Any CPU
	EndGlobalSection
	GlobalSection(ProjectConfigurationPlatforms) = postSolution
		{6FD76C53-8E39-4583-8B7E-07465EB4A721}.Debug|Any CPU.ActiveCfg = Debug|Any CPU
		{6FD76C53-8E39-4583-8B7E-07465EB4A721}.Debug|Any CPU.Build.0 = Debug|Any CPU
		{6FD76C53-8E39-4583-8B7E-07465EB4A721}.Release|Any CPU.ActiveCfg = Release|Any CPU
		{6FD76C53-8E39-4583-8B7E-07465EB4A721}.Release|Any CPU.Build.0 = Release|Any CPU
		{829E4B87-B277-4285-BCC8-3CC8CC219B1B}.Debug|Any CPU.ActiveCfg = Debug|Any CPU
		{829E4B87-B277-4285-BCC8-3CC8CC219B1B}.Debug|Any CPU.Build.0 = Debug|Any CPU
		{829E4B87-B277-4285-BCC8-3CC8CC219B1B}.Release|Any CPU.ActiveCfg = Release|Any CPU
		{829E4B87-B277-4285-BCC8-3CC8CC219B1B}.Release|Any CPU.Build.0 = Release|Any CPU
		{C0CA573F-022E-436F-8C62-BF6CD067E0CF}.Debug|Any CPU.ActiveCfg = Debug|Any CPU
		{C0CA573F-022E-436F-8C62-BF6CD067E0CF}.Debug|Any CPU.Build.0 = Debug|Any CPU
		{C0CA573F-022E-436F-8C62-BF6CD067E0CF}.Release|Any CPU.ActiveCfg = Release|Any CPU
		{C0CA573F-022E-436F-8C62-BF6CD067E0CF}.Release|Any CPU.Build.0 = Release|Any CPU
		{4A6608B7-C52E-4E3A-859C-C76CB19DC377}.Debug|Any CPU.ActiveCfg = Debug|Any CPU
		{4A6608B7-C52E-4E3A-859C-C76CB19DC377}.Debug|Any CPU.Build.0 = Debug|Any CPU
		{4A6608B7-C52E-4E3A-859C-C76CB19DC377}.Release|Any CPU.ActiveCfg = Release|Any CPU
		{4A6608B7-C52E-4E3A-859C-C76CB19DC377}.Release|Any CPU.Build.0 = Release|Any CPU
		{C5E27023-CC09-496A-A5E6-56CCDAA39EF0}.Debug|Any CPU.ActiveCfg = Debug|Any CPU
		{C5E27023-CC09-496A-A5E6-56CCDAA39EF0}.Debug|Any CPU.Build.0 = Debug|Any CPU
		{C5E27023-CC09-496A-A5E6-56CCDAA39EF0}.Release|Any CPU.ActiveCfg = Release|Any CPU
		{C5E27023-CC09-496A-A5E6-56CCDAA39EF0}.Release|Any CPU.Build.0 = Release|Any CPU
		{1EDF7DB5-60CD-4597-B34E-7600D8A537AD}.Debug|Any CPU.ActiveCfg = Debug|Any CPU
		{1EDF7DB5-60CD-4597-B34E-7600D8A537AD}.Debug|Any CPU.Build.0 = Debug|Any CPU
		{1EDF7DB5-60CD-4597-B34E-7600D8A537AD}.Release|Any CPU.ActiveCfg = Release|Any CPU
		{1EDF7DB5-60CD-4597-B34E-7600D8A537AD}.Release|Any CPU.Build.0 = Release|Any CPU
		{69F55789-313F-4376-8BE1-14755E8F8A20}.Debug|Any CPU.ActiveCfg = Debug|Any CPU
		{69F55789-313F-4376-8BE1-14755E8F8A20}.Debug|Any CPU.Build.0 = Debug|Any CPU
		{69F55789-313F-4376-8BE1-14755E8F8A20}.Release|Any CPU.ActiveCfg = Release|Any CPU
		{69F55789-313F-4376-8BE1-14755E8F8A20}.Release|Any CPU.Build.0 = Release|Any CPU
		{AB739587-D11A-41A6-ACAF-2D7B3F94F2F1}.Debug|Any CPU.ActiveCfg = Debug|Any CPU
		{AB739587-D11A-41A6-ACAF-2D7B3F94F2F1}.Debug|Any CPU.Build.0 = Debug|Any CPU
		{AB739587-D11A-41A6-ACAF-2D7B3F94F2F1}.Release|Any CPU.ActiveCfg = Release|Any CPU
		{AB739587-D11A-41A6-ACAF-2D7B3F94F2F1}.Release|Any CPU.Build.0 = Release|Any CPU
		{56A9E7B9-6781-48BF-81D9-B889FF02B331}.Debug|Any CPU.ActiveCfg = Debug|Any CPU
		{56A9E7B9-6781-48BF-81D9-B889FF02B331}.Debug|Any CPU.Build.0 = Debug|Any CPU
		{56A9E7B9-6781-48BF-81D9-B889FF02B331}.Release|Any CPU.ActiveCfg = Release|Any CPU
		{56A9E7B9-6781-48BF-81D9-B889FF02B331}.Release|Any CPU.Build.0 = Release|Any CPU
		{F8F05882-A5B4-42D2-BE32-65EC680C207D}.Debug|Any CPU.ActiveCfg = Debug|Any CPU
		{F8F05882-A5B4-42D2-BE32-65EC680C207D}.Debug|Any CPU.Build.0 = Debug|Any CPU
		{F8F05882-A5B4-42D2-BE32-65EC680C207D}.Release|Any CPU.ActiveCfg = Release|Any CPU
		{F8F05882-A5B4-42D2-BE32-65EC680C207D}.Release|Any CPU.Build.0 = Release|Any CPU
	EndGlobalSection
	GlobalSection(SolutionProperties) = preSolution
		HideSolutionNode = FALSE
	EndGlobalSection
	GlobalSection(NestedProjects) = preSolution
		{6FD76C53-8E39-4583-8B7E-07465EB4A721} = {BD104B00-6323-4BEE-B04C-A7DA5799A741}
		{BD104B00-6323-4BEE-B04C-A7DA5799A741} = {7F875270-4505-4ABD-8A83-F1C549165FAC}
		{829E4B87-B277-4285-BCC8-3CC8CC219B1B} = {5BAE7EDE-9D95-4FE5-AAC8-02755430E7DC}
		{A803E943-2AF2-419C-A677-CD846FF104B3} = {7F875270-4505-4ABD-8A83-F1C549165FAC}
		{C0CA573F-022E-436F-8C62-BF6CD067E0CF} = {A803E943-2AF2-419C-A677-CD846FF104B3}
		{0FC17DB7-F1A2-4794-A702-69701BB12AE3} = {7F875270-4505-4ABD-8A83-F1C549165FAC}
		{C5E27023-CC09-496A-A5E6-56CCDAA39EF0} = {0FC17DB7-F1A2-4794-A702-69701BB12AE3}
		{51B846D9-B5AA-481A-B3A9-11DE477F68C1} = {7F875270-4505-4ABD-8A83-F1C549165FAC}
		{1EDF7DB5-60CD-4597-B34E-7600D8A537AD} = {51B846D9-B5AA-481A-B3A9-11DE477F68C1}
		{69F55789-313F-4376-8BE1-14755E8F8A20} = {51B846D9-B5AA-481A-B3A9-11DE477F68C1}
		{AB739587-D11A-41A6-ACAF-2D7B3F94F2F1} = {51B846D9-B5AA-481A-B3A9-11DE477F68C1}
		{56A9E7B9-6781-48BF-81D9-B889FF02B331} = {51B846D9-B5AA-481A-B3A9-11DE477F68C1}
		{F8F05882-A5B4-42D2-BE32-65EC680C207D} = {5BAE7EDE-9D95-4FE5-AAC8-02755430E7DC}
	EndGlobalSection
	GlobalSection(ExtensibilityGlobals) = postSolution
		SolutionGuid = {35CF0C05-A256-4584-B400-659D161183CB}
	EndGlobalSection
EndGlobal
