
Microsoft Visual Studio Solution File, Format Version 12.00
# Visual Studio Version 17
VisualStudioVersion = 17.9.34728.123
MinimumVisualStudioVersion = 10.0.40219.1
Project("{9A19103F-16F7-4668-BE54-9A1E7A4F7556}") = "Catalog.API", "Services\Catalog\Catalog.API\Catalog.API.csproj", "{6FD76C53-8E39-4583-8B7E-07465EB4A721}"
EndProject
Project("{2150E333-8FDC-42A3-9474-1A3956D46DE8}") = "BuildingBlocks", "BuildingBlocks", "{5BAE7EDE-9D95-4FE5-AAC8-02755430E7DC}"
EndProject
Project("{2150E333-8FDC-42A3-9474-1A3956D46DE8}") = "Services", "Services", "{7F875270-4505-4ABD-8A83-F1C549165FAC}"
EndProject
Project("{2150E333-8FDC-42A3-9474-1A3956D46DE8}") = "Catalog", "Catalog", "{BD104B00-6323-4BEE-B04C-A7DA5799A741}"
EndProject
Project("{9A19103F-16F7-4668-BE54-9A1E7A4F7556}") = "BuildingBlocks", "BuildingBlocks\BuildingBlocks\BuildingBlocks.csproj", "{829E4B87-B277-4285-BCC8-3CC8CC219B1B}"
EndProject
Project("{2150E333-8FDC-42A3-9474-1A3956D46DE8}") = "Basket", "Basket", "{A803E943-2AF2-419C-A677-CD846FF104B3}"
EndProject
Project("{9A19103F-16F7-4668-BE54-9A1E7A4F7556}") = "Basket.API", "Services\Basket\Basket.API\Basket.API.csproj", "{C0CA573F-022E-436F-8C62-BF6CD067E0CF}"
EndProject
Project("{E53339B2-1760-4266-BCC7-CA923CBCF16C}") = "docker-compose", "docker-compose.dcproj", "{4A6608B7-C52E-4E3A-859C-C76CB19DC377}"
EndProject
Global
	GlobalSection(SolutionConfigurationPlatforms) = preSolution
		Debug|Any CPU = Debug|Any CPU
		Release|Any CPU = Release|Any CPU
	EndGlobalSection
	GlobalSection(ProjectConfigurationPlatforms) = postSolution
		{6FD76C53-8E39-4583-8B7E-07465EB4A721}.Debug|Any CPU.ActiveCfg = Debug|Any CPU
		{6FD76C53-8E39-4583-8B7E-07465EB4A721}.Debug|Any CPU.Build.0 = Debug|Any CPU
		{6FD76C53-8E39-4583-8B7E-07465EB4A721}.Release|Any CPU.ActiveCfg = Release|Any CPU
		{6FD76C53-8E39-4583-8B7E-07465EB4A721}.Release|Any CPU.Build.0 = Release|Any CPU
		{829E4B87-B277-4285-BCC8-3CC8CC219B1B}.Debug|Any CPU.ActiveCfg = Debug|Any CPU
		{829E4B87-B277-4285-BCC8-3CC8CC219B1B}.Debug|Any CPU.Build.0 = Debug|Any CPU
		{829E4B87-B277-4285-BCC8-3CC8CC219B1B}.Release|Any CPU.ActiveCfg = Release|Any CPU
		{829E4B87-B277-4285-BCC8-3CC8CC219B1B}.Release|Any CPU.Build.0 = Release|Any CPU
		{C0CA573F-022E-436F-8C62-BF6CD067E0CF}.Debug|Any CPU.ActiveCfg = Debug|Any CPU
		{C0CA573F-022E-436F-8C62-BF6CD067E0CF}.Debug|Any CPU.Build.0 = Debug|Any CPU
		{C0CA573F-022E-436F-8C62-BF6CD067E0CF}.Release|Any CPU.ActiveCfg = Release|Any CPU
		{C0CA573F-022E-436F-8C62-BF6CD067E0CF}.Release|Any CPU.Build.0 = Release|Any CPU
		{4A6608B7-C52E-4E3A-859C-C76CB19DC377}.Debug|Any CPU.ActiveCfg = Debug|Any CPU
		{4A6608B7-C52E-4E3A-859C-C76CB19DC377}.Debug|Any CPU.Build.0 = Debug|Any CPU
		{4A6608B7-C52E-4E3A-859C-C76CB19DC377}.Release|Any CPU.ActiveCfg = Release|Any CPU
		{4A6608B7-C52E-4E3A-859C-C76CB19DC377}.Release|Any CPU.Build.0 = Release|Any CPU
	EndGlobalSection
	GlobalSection(SolutionProperties) = preSolution
		HideSolutionNode = FALSE
	EndGlobalSection
	GlobalSection(NestedProjects) = preSolution
		{6FD76C53-8E39-4583-8B7E-07465EB4A721} = {BD104B00-6323-4BEE-B04C-A7DA5799A741}
		{BD104B00-6323-4BEE-B04C-A7DA5799A741} = {7F875270-4505-4ABD-8A83-F1C549165FAC}
		{829E4B87-B277-4285-BCC8-3CC8CC219B1B} = {5BAE7EDE-9D95-4FE5-AAC8-02755430E7DC}
		{A803E943-2AF2-419C-A677-CD846FF104B3} = {7F875270-4505-4ABD-8A83-F1C549165FAC}
		{C0CA573F-022E-436F-8C62-BF6CD067E0CF} = {A803E943-2AF2-419C-A677-CD846FF104B3}
	EndGlobalSection
	GlobalSection(ExtensibilityGlobals) = postSolution
		SolutionGuid = {35CF0C05-A256-4584-B400-659D161183CB}
	EndGlobalSection
EndGlobal
